<?xml version="1.0" encoding="utf-8"?>
<Project ToolsVersion="4.0" xmlns="http://schemas.microsoft.com/developer/msbuild/2003">
  <ItemGroup>
    <Filter Include="Cubiomes">
      <UniqueIdentifier>{d689dd08-bf26-409a-bdc1-eeffd0ddc6ae}</UniqueIdentifier>
    </Filter>
    <Filter Include="Cubiomes\Tables">
      <UniqueIdentifier>{c1df2ecb-ccaa-4863-b26a-220e2002ea8f}</UniqueIdentifier>
    </Filter>
  </ItemGroup>
  <ItemGroup>
    <ClCompile Include="iTrace.cpp" />
    <ClCompile Include="iTrace.cppm" />
    <ClCompile Include="main.cpp" />
    <ClCompile Include="cubiomes\biomenoise.c">
      <Filter>Cubiomes</Filter>
    </ClCompile>
    <ClCompile Include="cubiomes\biomes.c">
      <Filter>Cubiomes</Filter>
    </ClCompile>
    <ClCompile Include="cubiomes\finders.c">
      <Filter>Cubiomes</Filter>
    </ClCompile>
    <ClCompile Include="cubiomes\generator.c">
      <Filter>Cubiomes</Filter>
    </ClCompile>
    <ClCompile Include="cubiomes\layers.c">
      <Filter>Cubiomes</Filter>
    </ClCompile>
    <ClCompile Include="cubiomes\noise.c">
      <Filter>Cubiomes</Filter>
    </ClCompile>
    <ClCompile Include="cubiomes\util.c">
      <Filter>Cubiomes</Filter>
    </ClCompile>
    <ClCompile Include="cubiomes\quadbase.c">
      <Filter>Cubiomes</Filter>
    </ClCompile>
  </ItemGroup>
  <ItemGroup>
    <ClInclude Include="cubiomes\biomenoise.h">
      <Filter>Cubiomes</Filter>
    </ClInclude>
    <ClInclude Include="cubiomes\biomes.h">
      <Filter>Cubiomes</Filter>
    </ClInclude>
    <ClInclude Include="cubiomes\finders.h">
      <Filter>Cubiomes</Filter>
    </ClInclude>
    <ClInclude Include="cubiomes\generator.h">
      <Filter>Cubiomes</Filter>
    </ClInclude>
    <ClInclude Include="cubiomes\layers.h">
      <Filter>Cubiomes</Filter>
    </ClInclude>
    <ClInclude Include="cubiomes\noise.h">
      <Filter>Cubiomes</Filter>
    </ClInclude>
    <ClInclude Include="cubiomes\quadbase.h">
      <Filter>Cubiomes</Filter>
    </ClInclude>
    <ClInclude Include="cubiomes\rng.h">
      <Filter>Cubiomes</Filter>
    </ClInclude>
    <ClInclude Include="cubiomes\util.h">
      <Filter>Cubiomes</Filter>
    </ClInclude>
    <ClInclude Include="cubiomes\tables\btree18.h">
      <Filter>Cubiomes\Tables</Filter>
    </ClInclude>
    <ClInclude Include="cubiomes\tables\btree19.h">
      <Filter>Cubiomes\Tables</Filter>
    </ClInclude>
    <ClInclude Include="cubiomes\tables\btree20.h">
      <Filter>Cubiomes\Tables</Filter>
    </ClInclude>
    <ClInclude Include="cubiomes\tables\btree21.h">
      <Filter>Cubiomes\Tables</Filter>
    </ClInclude>
  </ItemGroup>
</Project>